// !$*UTF8*$!
{
	archiveVersion = 1;
	classes = {
	};
	objectVersion = 51;
	objects = {

/* Begin PBXBuildFile section */
		25716BF50DA6323278A8165C /* Pods_CatReader.framework in Frameworks */ = {isa = PBXBuildFile; fileRef = 9FB8260353A5EA11833C623B /* Pods_CatReader.framework */; };
		E22519A825354E770097F47E /* AppDelegate.swift in Sources */ = {isa = PBXBuildFile; fileRef = E22519A725354E770097F47E /* AppDelegate.swift */; };
		E22519AA25354E770097F47E /* SceneDelegate.swift in Sources */ = {isa = PBXBuildFile; fileRef = E22519A925354E770097F47E /* SceneDelegate.swift */; };
		E22519AC25354E770097F47E /* ViewController.swift in Sources */ = {isa = PBXBuildFile; fileRef = E22519AB25354E770097F47E /* ViewController.swift */; };
		E22519AF25354E770097F47E /* Main.storyboard in Resources */ = {isa = PBXBuildFile; fileRef = E22519AD25354E770097F47E /* Main.storyboard */; };
		E22519B125354E790097F47E /* Assets.xcassets in Resources */ = {isa = PBXBuildFile; fileRef = E22519B025354E790097F47E /* Assets.xcassets */; };
		E22519B425354E790097F47E /* LaunchScreen.storyboard in Resources */ = {isa = PBXBuildFile; fileRef = E22519B225354E790097F47E /* LaunchScreen.storyboard */; };
		E22519BF253555CD0097F47E /* BaseNavigationController.swift in Sources */ = {isa = PBXBuildFile; fileRef = E22519BE253555CD0097F47E /* BaseNavigationController.swift */; };
		E22519C1253555EA0097F47E /* BaseViewController.swift in Sources */ = {isa = PBXBuildFile; fileRef = E22519C0253555EA0097F47E /* BaseViewController.swift */; };
		E22519C3253555FB0097F47E /* BaseTableViewController.swift in Sources */ = {isa = PBXBuildFile; fileRef = E22519C2253555FB0097F47E /* BaseTableViewController.swift */; };
		E24ACF1825355B9300BECEDA /* RDReadPageViewController.swift in Sources */ = {isa = PBXBuildFile; fileRef = E24ACF1725355B9300BECEDA /* RDReadPageViewController.swift */; };
		E24ACF1B25355EB800BECEDA /* RDBookDetailModel.swift in Sources */ = {isa = PBXBuildFile; fileRef = E24ACF1A25355EB800BECEDA /* RDBookDetailModel.swift */; };
		E24ACF1E2535651A00BECEDA /* RDReadPageView.swift in Sources */ = {isa = PBXBuildFile; fileRef = E24ACF1D2535651A00BECEDA /* RDReadPageView.swift */; };
		E24ACF2425358F0300BECEDA /* RDButton.swift in Sources */ = {isa = PBXBuildFile; fileRef = E24ACF2325358F0300BECEDA /* RDButton.swift */; };
		E24ACF28253591D000BECEDA /* RDLayoutButton.swift in Sources */ = {isa = PBXBuildFile; fileRef = E24ACF27253591D000BECEDA /* RDLayoutButton.swift */; };
		E24ACF2A2535933A00BECEDA /* Tool.swift in Sources */ = {isa = PBXBuildFile; fileRef = E24ACF292535933A00BECEDA /* Tool.swift */; };
		E24ACF2C25359B3700BECEDA /* RDReadToolBar.swift in Sources */ = {isa = PBXBuildFile; fileRef = E24ACF2B25359B3700BECEDA /* RDReadToolBar.swift */; };
/* End PBXBuildFile section */

/* Begin PBXFileReference section */
		933D1C99F60EDC59B9A888B9 /* Pods-CatReader.release.xcconfig */ = {isa = PBXFileReference; includeInIndex = 1; lastKnownFileType = text.xcconfig; name = "Pods-CatReader.release.xcconfig"; path = "Target Support Files/Pods-CatReader/Pods-CatReader.release.xcconfig"; sourceTree = "<group>"; };
		9FB8260353A5EA11833C623B /* Pods_CatReader.framework */ = {isa = PBXFileReference; explicitFileType = wrapper.framework; includeInIndex = 0; path = Pods_CatReader.framework; sourceTree = BUILT_PRODUCTS_DIR; };
		E22519A425354E770097F47E /* CatReader.app */ = {isa = PBXFileReference; explicitFileType = wrapper.application; includeInIndex = 0; path = CatReader.app; sourceTree = BUILT_PRODUCTS_DIR; };
		E22519A725354E770097F47E /* AppDelegate.swift */ = {isa = PBXFileReference; lastKnownFileType = sourcecode.swift; path = AppDelegate.swift; sourceTree = "<group>"; };
		E22519A925354E770097F47E /* SceneDelegate.swift */ = {isa = PBXFileReference; lastKnownFileType = sourcecode.swift; path = SceneDelegate.swift; sourceTree = "<group>"; };
		E22519AB25354E770097F47E /* ViewController.swift */ = {isa = PBXFileReference; lastKnownFileType = sourcecode.swift; path = ViewController.swift; sourceTree = "<group>"; };
		E22519AE25354E770097F47E /* Base */ = {isa = PBXFileReference; lastKnownFileType = file.storyboard; name = Base; path = Base.lproj/Main.storyboard; sourceTree = "<group>"; };
		E22519B025354E790097F47E /* Assets.xcassets */ = {isa = PBXFileReference; lastKnownFileType = folder.assetcatalog; path = Assets.xcassets; sourceTree = "<group>"; };
		E22519B325354E790097F47E /* Base */ = {isa = PBXFileReference; lastKnownFileType = file.storyboard; name = Base; path = Base.lproj/LaunchScreen.storyboard; sourceTree = "<group>"; };
		E22519B525354E790097F47E /* Info.plist */ = {isa = PBXFileReference; lastKnownFileType = text.plist.xml; path = Info.plist; sourceTree = "<group>"; };
		E22519BE253555CD0097F47E /* BaseNavigationController.swift */ = {isa = PBXFileReference; lastKnownFileType = sourcecode.swift; path = BaseNavigationController.swift; sourceTree = "<group>"; };
		E22519C0253555EA0097F47E /* BaseViewController.swift */ = {isa = PBXFileReference; lastKnownFileType = sourcecode.swift; path = BaseViewController.swift; sourceTree = "<group>"; };
		E22519C2253555FB0097F47E /* BaseTableViewController.swift */ = {isa = PBXFileReference; lastKnownFileType = sourcecode.swift; path = BaseTableViewController.swift; sourceTree = "<group>"; };
		E24ACF1725355B9300BECEDA /* RDReadPageViewController.swift */ = {isa = PBXFileReference; lastKnownFileType = sourcecode.swift; path = RDReadPageViewController.swift; sourceTree = "<group>"; };
		E24ACF1A25355EB800BECEDA /* RDBookDetailModel.swift */ = {isa = PBXFileReference; lastKnownFileType = sourcecode.swift; path = RDBookDetailModel.swift; sourceTree = "<group>"; };
		E24ACF1D2535651A00BECEDA /* RDReadPageView.swift */ = {isa = PBXFileReference; lastKnownFileType = sourcecode.swift; path = RDReadPageView.swift; sourceTree = "<group>"; };
		E24ACF2325358F0300BECEDA /* RDButton.swift */ = {isa = PBXFileReference; lastKnownFileType = sourcecode.swift; path = RDButton.swift; sourceTree = "<group>"; };
		E24ACF27253591D000BECEDA /* RDLayoutButton.swift */ = {isa = PBXFileReference; lastKnownFileType = sourcecode.swift; path = RDLayoutButton.swift; sourceTree = "<group>"; };
		E24ACF292535933A00BECEDA /* Tool.swift */ = {isa = PBXFileReference; lastKnownFileType = sourcecode.swift; path = Tool.swift; sourceTree = "<group>"; };
		E24ACF2B25359B3700BECEDA /* RDReadToolBar.swift */ = {isa = PBXFileReference; lastKnownFileType = sourcecode.swift; path = RDReadToolBar.swift; sourceTree = "<group>"; };
		EB224706391A5FAFA69CC833 /* Pods-CatReader.debug.xcconfig */ = {isa = PBXFileReference; includeInIndex = 1; lastKnownFileType = text.xcconfig; name = "Pods-CatReader.debug.xcconfig"; path = "Target Support Files/Pods-CatReader/Pods-CatReader.debug.xcconfig"; sourceTree = "<group>"; };
/* End PBXFileReference section */

/* Begin PBXFrameworksBuildPhase section */
		E22519A125354E770097F47E /* Frameworks */ = {
			isa = PBXFrameworksBuildPhase;
			buildActionMask = 2147483647;
			files = (
				25716BF50DA6323278A8165C /* Pods_CatReader.framework in Frameworks */,
			);
			runOnlyForDeploymentPostprocessing = 0;
		};
/* End PBXFrameworksBuildPhase section */

/* Begin PBXGroup section */
		252A3153F6BA894C7DEC429B /* Pods */ = {
			isa = PBXGroup;
			children = (
				EB224706391A5FAFA69CC833 /* Pods-CatReader.debug.xcconfig */,
				933D1C99F60EDC59B9A888B9 /* Pods-CatReader.release.xcconfig */,
			);
			path = Pods;
			sourceTree = "<group>";
		};
		D76220F017C3FF7302B704B1 /* Frameworks */ = {
			isa = PBXGroup;
			children = (
				9FB8260353A5EA11833C623B /* Pods_CatReader.framework */,
			);
			name = Frameworks;
			sourceTree = "<group>";
		};
		E225199B25354E770097F47E = {
			isa = PBXGroup;
			children = (
				E22519A625354E770097F47E /* CatReader */,
				E22519A525354E770097F47E /* Products */,
				252A3153F6BA894C7DEC429B /* Pods */,
				D76220F017C3FF7302B704B1 /* Frameworks */,
			);
			sourceTree = "<group>";
		};
		E22519A525354E770097F47E /* Products */ = {
			isa = PBXGroup;
			children = (
				E22519A425354E770097F47E /* CatReader.app */,
			);
			name = Products;
			sourceTree = "<group>";
		};
		E22519A625354E770097F47E /* CatReader */ = {
			isa = PBXGroup;
			children = (
				E22519C5253556340097F47E /* tool */,
				E22519BC25354F460097F47E /* support */,
				E22519C4253556220097F47E /* global */,
				E22519BB25354F3E0097F47E /* mian */,
			);
			path = CatReader;
			sourceTree = "<group>";
		};
		E22519BB25354F3E0097F47E /* mian */ = {
			isa = PBXGroup;
			children = (
				E24ACF1625355B6000BECEDA /* RDReader */,
			);
			path = mian;
			sourceTree = "<group>";
		};
		E22519BC25354F460097F47E /* support */ = {
			isa = PBXGroup;
			children = (
				E22519B025354E790097F47E /* Assets.xcassets */,
				E22519B225354E790097F47E /* LaunchScreen.storyboard */,
				E22519A725354E770097F47E /* AppDelegate.swift */,
				E22519A925354E770097F47E /* SceneDelegate.swift */,
				E22519AB25354E770097F47E /* ViewController.swift */,
				E22519AD25354E770097F47E /* Main.storyboard */,
				E22519B525354E790097F47E /* Info.plist */,
			);
			path = support;
			sourceTree = "<group>";
		};
		E22519BD2535547E0097F47E /* base */ = {
			isa = PBXGroup;
			children = (
				E22519BE253555CD0097F47E /* BaseNavigationController.swift */,
				E22519C0253555EA0097F47E /* BaseViewController.swift */,
				E22519C2253555FB0097F47E /* BaseTableViewController.swift */,
			);
			path = base;
			sourceTree = "<group>";
		};
		E22519C4253556220097F47E /* global */ = {
			isa = PBXGroup;
			children = (
			);
			path = global;
			sourceTree = "<group>";
		};
		E22519C5253556340097F47E /* tool */ = {
			isa = PBXGroup;
			children = (
				E24ACF292535933A00BECEDA /* Tool.swift */,
				E22519BD2535547E0097F47E /* base */,
			);
			path = tool;
			sourceTree = "<group>";
		};
		E24ACF1625355B6000BECEDA /* RDReader */ = {
			isa = PBXGroup;
			children = (
				E24ACF1725355B9300BECEDA /* RDReadPageViewController.swift */,
				E24ACF1C2535650D00BECEDA /* view */,
				E24ACF1925355EA800BECEDA /* model */,
			);
			path = RDReader;
			sourceTree = "<group>";
		};
		E24ACF1925355EA800BECEDA /* model */ = {
			isa = PBXGroup;
			children = (
				E24ACF1A25355EB800BECEDA /* RDBookDetailModel.swift */,
			);
			path = model;
			sourceTree = "<group>";
		};
		E24ACF1C2535650D00BECEDA /* view */ = {
			isa = PBXGroup;
			children = (
				E24ACF1D2535651A00BECEDA /* RDReadPageView.swift */,
				E24ACF2B25359B3700BECEDA /* RDReadToolBar.swift */,
				E24ACF27253591D000BECEDA /* RDLayoutButton.swift */,
				E24ACF2325358F0300BECEDA /* RDButton.swift */,
			);
			path = view;
			sourceTree = "<group>";
		};
/* End PBXGroup section */

/* Begin PBXNativeTarget section */
		E22519A325354E770097F47E /* CatReader */ = {
			isa = PBXNativeTarget;
			buildConfigurationList = E22519B825354E790097F47E /* Build configuration list for PBXNativeTarget "CatReader" */;
			buildPhases = (
				45309AB76284376D183C09D4 /* [CP] Check Pods Manifest.lock */,
				E22519A025354E770097F47E /* Sources */,
				E22519A125354E770097F47E /* Frameworks */,
				E22519A225354E770097F47E /* Resources */,
				951DFB2243C88D1A7519489F /* [CP] Embed Pods Frameworks */,
			);
			buildRules = (
			);
			dependencies = (
			);
			name = CatReader;
			productName = CatReader;
			productReference = E22519A425354E770097F47E /* CatReader.app */;
			productType = "com.apple.product-type.application";
		};
/* End PBXNativeTarget section */

/* Begin PBXProject section */
		E225199C25354E770097F47E /* Project object */ = {
			isa = PBXProject;
			attributes = {
				LastSwiftUpdateCheck = 1160;
				LastUpgradeCheck = 1160;
				ORGANIZATIONNAME = GorCat;
				TargetAttributes = {
					E22519A325354E770097F47E = {
						CreatedOnToolsVersion = 11.6;
					};
				};
			};
			buildConfigurationList = E225199F25354E770097F47E /* Build configuration list for PBXProject "CatReader" */;
			compatibilityVersion = "Xcode 9.3";
			developmentRegion = en;
			hasScannedForEncodings = 0;
			knownRegions = (
				en,
				Base,
			);
			mainGroup = E225199B25354E770097F47E;
			productRefGroup = E22519A525354E770097F47E /* Products */;
			projectDirPath = "";
			projectRoot = "";
			targets = (
				E22519A325354E770097F47E /* CatReader */,
			);
		};
/* End PBXProject section */

/* Begin PBXResourcesBuildPhase section */
		E22519A225354E770097F47E /* Resources */ = {
			isa = PBXResourcesBuildPhase;
			buildActionMask = 2147483647;
			files = (
				E22519B425354E790097F47E /* LaunchScreen.storyboard in Resources */,
				E22519B125354E790097F47E /* Assets.xcassets in Resources */,
				E22519AF25354E770097F47E /* Main.storyboard in Resources */,
			);
			runOnlyForDeploymentPostprocessing = 0;
		};
/* End PBXResourcesBuildPhase section */

/* Begin PBXShellScriptBuildPhase section */
		45309AB76284376D183C09D4 /* [CP] Check Pods Manifest.lock */ = {
			isa = PBXShellScriptBuildPhase;
			buildActionMask = 2147483647;
			files = (
			);
			inputFileListPaths = (
			);
			inputPaths = (
				"${PODS_PODFILE_DIR_PATH}/Podfile.lock",
				"${PODS_ROOT}/Manifest.lock",
			);
			name = "[CP] Check Pods Manifest.lock";
			outputFileListPaths = (
			);
			outputPaths = (
				"$(DERIVED_FILE_DIR)/Pods-CatReader-checkManifestLockResult.txt",
			);
			runOnlyForDeploymentPostprocessing = 0;
			shellPath = /bin/sh;
			shellScript = "diff \"${PODS_PODFILE_DIR_PATH}/Podfile.lock\" \"${PODS_ROOT}/Manifest.lock\" > /dev/null\nif [ $? != 0 ] ; then\n    # print error to STDERR\n    echo \"error: The sandbox is not in sync with the Podfile.lock. Run 'pod install' or update your CocoaPods installation.\" >&2\n    exit 1\nfi\n# This output is used by Xcode 'outputs' to avoid re-running this script phase.\necho \"SUCCESS\" > \"${SCRIPT_OUTPUT_FILE_0}\"\n";
			showEnvVarsInLog = 0;
		};
		951DFB2243C88D1A7519489F /* [CP] Embed Pods Frameworks */ = {
			isa = PBXShellScriptBuildPhase;
			buildActionMask = 2147483647;
			files = (
			);
			inputFileListPaths = (
				"${PODS_ROOT}/Target Support Files/Pods-CatReader/Pods-CatReader-frameworks-${CONFIGURATION}-input-files.xcfilelist",
			);
			name = "[CP] Embed Pods Frameworks";
			outputFileListPaths = (
				"${PODS_ROOT}/Target Support Files/Pods-CatReader/Pods-CatReader-frameworks-${CONFIGURATION}-output-files.xcfilelist",
			);
			runOnlyForDeploymentPostprocessing = 0;
			shellPath = /bin/sh;
			shellScript = "\"${PODS_ROOT}/Target Support Files/Pods-CatReader/Pods-CatReader-frameworks.sh\"\n";
			showEnvVarsInLog = 0;
		};
/* End PBXShellScriptBuildPhase section */

/* Begin PBXSourcesBuildPhase section */
		E22519A025354E770097F47E /* Sources */ = {
			isa = PBXSourcesBuildPhase;
			buildActionMask = 2147483647;
			files = (
				E24ACF1825355B9300BECEDA /* RDReadPageViewController.swift in Sources */,
				E22519C3253555FB0097F47E /* BaseTableViewController.swift in Sources */,
				E24ACF1E2535651A00BECEDA /* RDReadPageView.swift in Sources */,
				E24ACF2A2535933A00BECEDA /* Tool.swift in Sources */,
				E24ACF2425358F0300BECEDA /* RDButton.swift in Sources */,
				E22519C1253555EA0097F47E /* BaseViewController.swift in Sources */,
				E22519BF253555CD0097F47E /* BaseNavigationController.swift in Sources */,
				E22519AC25354E770097F47E /* ViewController.swift in Sources */,
				E22519A825354E770097F47E /* AppDelegate.swift in Sources */,
				E24ACF28253591D000BECEDA /* RDLayoutButton.swift in Sources */,
				E22519AA25354E770097F47E /* SceneDelegate.swift in Sources */,
				E24ACF1B25355EB800BECEDA /* RDBookDetailModel.swift in Sources */,
				E24ACF2C25359B3700BECEDA /* RDReadToolBar.swift in Sources */,
			);
			runOnlyForDeploymentPostprocessing = 0;
		};
/* End PBXSourcesBuildPhase section */

/* Begin PBXVariantGroup section */
		E22519AD25354E770097F47E /* Main.storyboard */ = {
			isa = PBXVariantGroup;
			children = (
				E22519AE25354E770097F47E /* Base */,
			);
			name = Main.storyboard;
			sourceTree = "<group>";
		};
		E22519B225354E790097F47E /* LaunchScreen.storyboard */ = {
			isa = PBXVariantGroup;
			children = (
				E22519B325354E790097F47E /* Base */,
			);
			name = LaunchScreen.storyboard;
			sourceTree = "<group>";
		};
/* End PBXVariantGroup section */

/* Begin XCBuildConfiguration section */
		E22519B625354E790097F47E /* Debug */ = {
			isa = XCBuildConfiguration;
			buildSettings = {
				ALWAYS_SEARCH_USER_PATHS = NO;
				CLANG_ANALYZER_NONNULL = YES;
				CLANG_ANALYZER_NUMBER_OBJECT_CONVERSION = YES_AGGRESSIVE;
				CLANG_CXX_LANGUAGE_STANDARD = "gnu++14";
				CLANG_CXX_LIBRARY = "libc++";
				CLANG_ENABLE_MODULES = YES;
				CLANG_ENABLE_OBJC_ARC = YES;
				CLANG_ENABLE_OBJC_WEAK = YES;
				CLANG_WARN_BLOCK_CAPTURE_AUTORELEASING = YES;
				CLANG_WARN_BOOL_CONVERSION = YES;
				CLANG_WARN_COMMA = YES;
				CLANG_WARN_CONSTANT_CONVERSION = YES;
				CLANG_WARN_DEPRECATED_OBJC_IMPLEMENTATIONS = YES;
				CLANG_WARN_DIRECT_OBJC_ISA_USAGE = YES_ERROR;
				CLANG_WARN_DOCUMENTATION_COMMENTS = YES;
				CLANG_WARN_EMPTY_BODY = YES;
				CLANG_WARN_ENUM_CONVERSION = YES;
				CLANG_WARN_INFINITE_RECURSION = YES;
				CLANG_WARN_INT_CONVERSION = YES;
				CLANG_WARN_NON_LITERAL_NULL_CONVERSION = YES;
				CLANG_WARN_OBJC_IMPLICIT_RETAIN_SELF = YES;
				CLANG_WARN_OBJC_LITERAL_CONVERSION = YES;
				CLANG_WARN_OBJC_ROOT_CLASS = YES_ERROR;
				CLANG_WARN_RANGE_LOOP_ANALYSIS = YES;
				CLANG_WARN_STRICT_PROTOTYPES = YES;
				CLANG_WARN_SUSPICIOUS_MOVE = YES;
				CLANG_WARN_UNGUARDED_AVAILABILITY = YES_AGGRESSIVE;
				CLANG_WARN_UNREACHABLE_CODE = YES;
				CLANG_WARN__DUPLICATE_METHOD_MATCH = YES;
				COPY_PHASE_STRIP = NO;
				DEBUG_INFORMATION_FORMAT = dwarf;
				ENABLE_STRICT_OBJC_MSGSEND = YES;
				ENABLE_TESTABILITY = YES;
				GCC_C_LANGUAGE_STANDARD = gnu11;
				GCC_DYNAMIC_NO_PIC = NO;
				GCC_NO_COMMON_BLOCKS = YES;
				GCC_OPTIMIZATION_LEVEL = 0;
				GCC_PREPROCESSOR_DEFINITIONS = (
					"DEBUG=1",
					"$(inherited)",
				);
				GCC_WARN_64_TO_32_BIT_CONVERSION = YES;
				GCC_WARN_ABOUT_RETURN_TYPE = YES_ERROR;
				GCC_WARN_UNDECLARED_SELECTOR = YES;
				GCC_WARN_UNINITIALIZED_AUTOS = YES_AGGRESSIVE;
				GCC_WARN_UNUSED_FUNCTION = YES;
				GCC_WARN_UNUSED_VARIABLE = YES;
				IPHONEOS_DEPLOYMENT_TARGET = 13.0;
				MTL_ENABLE_DEBUG_INFO = INCLUDE_SOURCE;
				MTL_FAST_MATH = YES;
				ONLY_ACTIVE_ARCH = YES;
				SDKROOT = iphoneos;
				SWIFT_ACTIVE_COMPILATION_CONDITIONS = DEBUG;
				SWIFT_OPTIMIZATION_LEVEL = "-Onone";
			};
			name = Debug;
		};
		E22519B725354E790097F47E /* Release */ = {
			isa = XCBuildConfiguration;
			buildSettings = {
				ALWAYS_SEARCH_USER_PATHS = NO;
				CLANG_ANALYZER_NONNULL = YES;
				CLANG_ANALYZER_NUMBER_OBJECT_CONVERSION = YES_AGGRESSIVE;
				CLANG_CXX_LANGUAGE_STANDARD = "gnu++14";
				CLANG_CXX_LIBRARY = "libc++";
				CLANG_ENABLE_MODULES = YES;
				CLANG_ENABLE_OBJC_ARC = YES;
				CLANG_ENABLE_OBJC_WEAK = YES;
				CLANG_WARN_BLOCK_CAPTURE_AUTORELEASING = YES;
				CLANG_WARN_BOOL_CONVERSION = YES;
				CLANG_WARN_COMMA = YES;
				CLANG_WARN_CONSTANT_CONVERSION = YES;
				CLANG_WARN_DEPRECATED_OBJC_IMPLEMENTATIONS = YES;
				CLANG_WARN_DIRECT_OBJC_ISA_USAGE = YES_ERROR;
				CLANG_WARN_DOCUMENTATION_COMMENTS = YES;
				CLANG_WARN_EMPTY_BODY = YES;
				CLANG_WARN_ENUM_CONVERSION = YES;
				CLANG_WARN_INFINITE_RECURSION = YES;
				CLANG_WARN_INT_CONVERSION = YES;
				CLANG_WARN_NON_LITERAL_NULL_CONVERSION = YES;
				CLANG_WARN_OBJC_IMPLICIT_RETAIN_SELF = YES;
				CLANG_WARN_OBJC_LITERAL_CONVERSION = YES;
				CLANG_WARN_OBJC_ROOT_CLASS = YES_ERROR;
				CLANG_WARN_RANGE_LOOP_ANALYSIS = YES;
				CLANG_WARN_STRICT_PROTOTYPES = YES;
				CLANG_WARN_SUSPICIOUS_MOVE = YES;
				CLANG_WARN_UNGUARDED_AVAILABILITY = YES_AGGRESSIVE;
				CLANG_WARN_UNREACHABLE_CODE = YES;
				CLANG_WARN__DUPLICATE_METHOD_MATCH = YES;
				COPY_PHASE_STRIP = NO;
				DEBUG_INFORMATION_FORMAT = "dwarf-with-dsym";
				ENABLE_NS_ASSERTIONS = NO;
				ENABLE_STRICT_OBJC_MSGSEND = YES;
				GCC_C_LANGUAGE_STANDARD = gnu11;
				GCC_NO_COMMON_BLOCKS = YES;
				GCC_WARN_64_TO_32_BIT_CONVERSION = YES;
				GCC_WARN_ABOUT_RETURN_TYPE = YES_ERROR;
				GCC_WARN_UNDECLARED_SELECTOR = YES;
				GCC_WARN_UNINITIALIZED_AUTOS = YES_AGGRESSIVE;
				GCC_WARN_UNUSED_FUNCTION = YES;
				GCC_WARN_UNUSED_VARIABLE = YES;
				IPHONEOS_DEPLOYMENT_TARGET = 13.0;
				MTL_ENABLE_DEBUG_INFO = NO;
				MTL_FAST_MATH = YES;
				SDKROOT = iphoneos;
				SWIFT_COMPILATION_MODE = wholemodule;
				SWIFT_OPTIMIZATION_LEVEL = "-O";
				VALIDATE_PRODUCT = YES;
			};
			name = Release;
		};
		E22519B925354E790097F47E /* Debug */ = {
			isa = XCBuildConfiguration;
			baseConfigurationReference = EB224706391A5FAFA69CC833 /* Pods-CatReader.debug.xcconfig */;
			buildSettings = {
				ASSETCATALOG_COMPILER_APPICON_NAME = AppIcon;
				CODE_SIGN_STYLE = Automatic;
				DEVELOPMENT_TEAM = EYBK3B3VS9;
				INFOPLIST_FILE = CatReader/support/Info.plist;
				LD_RUNPATH_SEARCH_PATHS = (
					"$(inherited)",
					"@executable_path/Frameworks",
				);
				PRODUCT_BUNDLE_IDENTIFIER = com.gorcat.test;
				PRODUCT_NAME = "$(TARGET_NAME)";
				SWIFT_VERSION = 5.0;
				TARGETED_DEVICE_FAMILY = "1,2";
			};
			name = Debug;
		};
		E22519BA25354E790097F47E /* Release */ = {
			isa = XCBuildConfiguration;
			baseConfigurationReference = 933D1C99F60EDC59B9A888B9 /* Pods-CatReader.release.xcconfig */;
			buildSettings = {
				ASSETCATALOG_COMPILER_APPICON_NAME = AppIcon;
				CODE_SIGN_STYLE = Automatic;
				DEVELOPMENT_TEAM = EYBK3B3VS9;
				INFOPLIST_FILE = CatReader/support/Info.plist;
				LD_RUNPATH_SEARCH_PATHS = (
					"$(inherited)",
					"@executable_path/Frameworks",
				);
				PRODUCT_BUNDLE_IDENTIFIER = com.gorcat.test;
				PRODUCT_NAME = "$(TARGET_NAME)";
				SWIFT_VERSION = 5.0;
				TARGETED_DEVICE_FAMILY = "1,2";
			};
			name = Release;
		};
/* End XCBuildConfiguration section */

/* Begin XCConfigurationList section */
		E225199F25354E770097F47E /* Build configuration list for PBXProject "CatReader" */ = {
			isa = XCConfigurationList;
			buildConfigurations = (
				E22519B625354E790097F47E /* Debug */,
				E22519B725354E790097F47E /* Release */,
			);
			defaultConfigurationIsVisible = 0;
			defaultConfigurationName = Release;
		};
		E22519B825354E790097F47E /* Build configuration list for PBXNativeTarget "CatReader" */ = {
			isa = XCConfigurationList;
			buildConfigurations = (
				E22519B925354E790097F47E /* Debug */,
				E22519BA25354E790097F47E /* Release */,
			);
			defaultConfigurationIsVisible = 0;
			defaultConfigurationName = Release;
		};
/* End XCConfigurationList section */
	};
	rootObject = E225199C25354E770097F47E /* Project object */;
}
